
Microsoft Visual Studio Solution File, Format Version 12.00
# Visual Studio Version 17
VisualStudioVersion = 17.0.31903.59
MinimumVisualStudioVersion = 10.0.40219.1
Project("{778DAE3C-4631-46EA-AA77-85C1314464D9}") = "QBviewer1", "QBviewer1.vbproj", "{ED30FE5C-DC18-4A3B-9C03-77676B9E772B}"
EndProject
Global
	GlobalSection(SolutionConfigurationPlatforms) = preSolution
		Debug|Any CPU = Debug|Any CPU
		Release|Any CPU = Release|Any CPU
	EndGlobalSection
	GlobalSection(ProjectConfigurationPlatforms) = postSolution
		{ED30FE5C-DC18-4A3B-9C03-77676B9E772B}.Debug|Any CPU.ActiveCfg = Release|Any CPU
		{ED30FE5C-DC18-4A3B-9C03-77676B9E772B}.Debug|Any CPU.Build.0 = Release|Any CPU
		{ED30FE5C-DC18-4A3B-9C03-77676B9E772B}.Release|Any CPU.ActiveCfg = Release|Any CPU
		{ED30FE5C-DC18-4A3B-9C03-77676B9E772B}.Release|Any CPU.Build.0 = Release|Any CPU
	EndGlobalSection
	GlobalSection(SolutionProperties) = preSolution
		HideSolutionNode = FALSE
	EndGlobalSection
	GlobalSection(ExtensibilityGlobals) = postSolution
		SolutionGuid = {E0F741E2-AA87-409B-8DB0-505C5AAE5997}
	EndGlobalSection
EndGlobal
